Microsoft Visual Studio Solution File, Format Version 12.00
# Visual Studio Version 17
VisualStudioVersion = 17.5.2.0
MinimumVisualStudioVersion = 10.0.40219.1
Project("{FAE04EC0-301F-11D3-BF4B-00C04F79EFBC}") = "TapahtumaAPIProjekti", "TapahtumaAPIProjekti.csproj", "{FF481998-9361-CDB9-66AE-8A146D9C775B}"
EndProject
Global
	GlobalSection(SolutionConfigurationPlatforms) = preSolution
		Debug|Any CPU = Debug|Any CPU
		Release|Any CPU = Release|Any CPU
	EndGlobalSection
	GlobalSection(ProjectConfigurationPlatforms) = postSolution
		{FF481998-9361-CDB9-66AE-8A146D9C775B}.Debug|Any CPU.ActiveCfg = Debug|Any CPU
		{FF481998-9361-CDB9-66AE-8A146D9C775B}.Debug|Any CPU.Build.0 = Debug|Any CPU
		{FF481998-9361-CDB9-66AE-8A146D9C775B}.Release|Any CPU.ActiveCfg = Release|Any CPU
		{FF481998-9361-CDB9-66AE-8A146D9C775B}.Release|Any CPU.Build.0 = Release|Any CPU
	EndGlobalSection
	GlobalSection(SolutionProperties) = preSolution
		HideSolutionNode = FALSE
	EndGlobalSection
	GlobalSection(ExtensibilityGlobals) = postSolution
		SolutionGuid = {365491B0-8452-4D3C-A323-353AE680D49A}
	EndGlobalSection
EndGlobal
